# This file is automatically @generated by Cargo.
# It is not intended for manual editing.
[[package]]
name = "accelerometer"
version = "0.6.1"
source = "registry+https://github.com/rust-lang/crates.io-index"
checksum = "6b9d5dc014d9aa81bf2ddea500117908abbc06fd8e055e5fdc2c0cc9d5195a24"
dependencies = [
 "micromath 0.3.1",
]

[[package]]
name = "aligned"
version = "0.3.4"
source = "registry+https://github.com/rust-lang/crates.io-index"
checksum = "c19796bd8d477f1a9d4ac2465b464a8b1359474f06a96bb3cda650b4fca309bf"
dependencies = [
 "as-slice",
]

[[package]]
name = "arrayvec"
version = "0.5.1"
source = "registry+https://github.com/rust-lang/crates.io-index"
checksum = "cff77d8686867eceff3105329d4698d96c2391c176d5d03adc90c7389162b5b8"

[[package]]
name = "as-slice"
version = "0.1.3"
source = "registry+https://github.com/rust-lang/crates.io-index"
checksum = "37dfb65bc03b2bc85ee827004f14a6817e04160e3b1a28931986a666a9290e70"
dependencies = [
 "generic-array 0.12.3",
 "generic-array 0.13.2",
 "stable_deref_trait",
]

[[package]]
name = "atsamd-hal"
version = "0.9.0"
source = "registry+https://github.com/rust-lang/crates.io-index"
checksum = "a845093b449700f878b8a91323e10307577e28f29f37c859645eaba2e655a60f"
dependencies = [
 "atsamd51j19a",
 "bitfield",
 "cortex-m",
 "embedded-hal",
 "nb 0.1.3",
 "paste",
 "rand_core",
 "usb-device",
 "vcell",
 "void",
]

[[package]]
name = "atsamd51j19a"
version = "0.7.0"
source = "registry+https://github.com/rust-lang/crates.io-index"
checksum = "f3710f797630bb6fd7ab101e057e9a9f43342e86727867b03c76dfd42c20a05b"
dependencies = [
 "bare-metal",
 "cortex-m",
 "cortex-m-rt",
 "vcell",
]

[[package]]
name = "autocfg"
version = "1.0.1"
source = "registry+https://github.com/rust-lang/crates.io-index"
checksum = "cdb031dd78e28731d87d56cc8ffef4a8f36ca26c38fe2de700543e627f8a464a"

[[package]]
name = "bare-metal"
version = "0.2.5"
source = "registry+https://github.com/rust-lang/crates.io-index"
checksum = "5deb64efa5bd81e31fcd1938615a6d98c82eafcbcd787162b6f63b91d6bac5b3"
dependencies = [
 "rustc_version",
]

[[package]]
name = "bitfield"
version = "0.13.2"
source = "registry+https://github.com/rust-lang/crates.io-index"
checksum = "46afbd2983a5d5a7bd740ccb198caf5b82f45c40c09c0eed36052d91cb92e719"

[[package]]
name = "bytemuck"
version = "1.4.1"
source = "registry+https://github.com/rust-lang/crates.io-index"
checksum = "41aa2ec95ca3b5c54cf73c91acf06d24f4495d5f1b1c12506ae3483d646177ac"

[[package]]
name = "byteorder"
version = "1.3.4"
source = "registry+https://github.com/rust-lang/crates.io-index"
checksum = "08c48aae112d48ed9f069b33538ea9e3e90aa263cfa3d1c24309612b1f7472de"

[[package]]
name = "cortex-m"
version = "0.6.3"
source = "registry+https://github.com/rust-lang/crates.io-index"
checksum = "2be99930c99669a74d986f7fd2162085498b322e6daae8ef63a97cc9ac1dc73c"
dependencies = [
 "aligned",
 "bare-metal",
 "bitfield",
 "volatile-register",
]

[[package]]
name = "cortex-m-rt"
version = "0.6.13"
source = "registry+https://github.com/rust-lang/crates.io-index"
checksum = "980c9d0233a909f355ed297ef122f257942de5e0a2cb1c39f60684b65bcb90fb"
dependencies = [
 "cortex-m-rt-macros",
 "r0",
]

[[package]]
name = "cortex-m-rt-macros"
version = "0.1.8"
source = "registry+https://github.com/rust-lang/crates.io-index"
checksum = "4717562afbba06e760d34451919f5c3bf3ac15c7bb897e8b04862a7428378647"
dependencies = [
 "proc-macro2 1.0.21",
 "quote 1.0.7",
 "syn 1.0.40",
]

[[package]]
name = "cortex-m-rtic"
version = "0.5.5"
source = "registry+https://github.com/rust-lang/crates.io-index"
checksum = "b30efcb6b7920d9016182c485687f0012487032a14c415d2fce6e9862ef8260e"
dependencies = [
 "cortex-m",
 "cortex-m-rt",
 "cortex-m-rtic-macros",
 "heapless",
 "rtic-core",
 "version_check",
]

[[package]]
name = "cortex-m-rtic-macros"
version = "0.5.2"
source = "registry+https://github.com/rust-lang/crates.io-index"
checksum = "9a1a6a4c9550373038c0e21a78d44d529bd697c25bbf6b8004bddc6e63b119c7"
dependencies = [
 "proc-macro2 1.0.21",
 "quote 1.0.7",
 "rtic-syntax",
 "syn 1.0.40",
]

[[package]]
name = "edgebadge"
version = "0.5.0"
source = "registry+https://github.com/rust-lang/crates.io-index"
checksum = "7ba211459bdc4837d1a679bfb67f3224e580f5f0502f3bf69f6f25fed1ee7241"
dependencies = [
 "atsamd-hal",
 "cortex-m",
 "cortex-m-rt",
 "embedded-hal",
 "nb 0.1.3",
 "st7735-lcd",
 "ws2812-timer-delay",
]

[[package]]
name = "embedded-graphics"
version = "0.6.2"
source = "registry+https://github.com/rust-lang/crates.io-index"
checksum = "40a69991ceb896bd4810a0cf2bcc46fc94b7860573c71f965d8e5b3d66942fed"
dependencies = [
 "byteorder",
]

[[package]]
name = "embedded-hal"
version = "0.2.4"
source = "registry+https://github.com/rust-lang/crates.io-index"
checksum = "fa998ce59ec9765d15216393af37a58961ddcefb14c753b4816ba2191d865fcb"
dependencies = [
 "nb 0.1.3",
 "void",
]

[[package]]
name = "generic-array"
version = "0.12.3"
source = "registry+https://github.com/rust-lang/crates.io-index"
checksum = "c68f0274ae0e023facc3c97b2e00f076be70e254bc851d972503b328db79b2ec"
dependencies = [
 "typenum",
]

[[package]]
name = "generic-array"
version = "0.13.2"
source = "registry+https://github.com/rust-lang/crates.io-index"
checksum = "0ed1e761351b56f54eb9dcd0cfaca9fd0daecf93918e1cfc01c8a3d26ee7adcd"
dependencies = [
 "typenum",
]

[[package]]
name = "hash32"
version = "0.1.1"
source = "registry+https://github.com/rust-lang/crates.io-index"
checksum = "d4041af86e63ac4298ce40e5cca669066e75b6f1aa3390fe2561ffa5e1d9f4cc"
dependencies = [
 "byteorder",
]

[[package]]
name = "hashbrown"
version = "0.9.1"
source = "registry+https://github.com/rust-lang/crates.io-index"
checksum = "d7afe4a420e3fe79967a00898cc1f4db7c8a49a9333a29f8a4bd76a253d5cd04"

[[package]]
name = "heapless"
version = "0.5.6"
source = "registry+https://github.com/rust-lang/crates.io-index"
checksum = "74911a68a1658cfcfb61bc0ccfbd536e3b6e906f8c2f7883ee50157e3e2184f1"
dependencies = [
 "as-slice",
 "generic-array 0.13.2",
 "hash32",
 "stable_deref_trait",
]

[[package]]
name = "indexmap"
version = "1.6.0"
source = "registry+https://github.com/rust-lang/crates.io-index"
checksum = "55e2e4c765aa53a0424761bf9f41aa7a6ac1efa87238f59560640e27fca028f2"
dependencies = [
 "autocfg",
 "hashbrown",
]

[[package]]
name = "lis3dh"
version = "0.1.0"
source = "registry+https://github.com/rust-lang/crates.io-index"
checksum = "04c501ae95c44d5cbf6cb885a52ab0aa1c2f2b3f845b3e49eddd91a914f28d96"
dependencies = [
 "accelerometer",
 "embedded-hal",
]

[[package]]
name = "micromath"
version = "0.3.1"
source = "registry+https://github.com/rust-lang/crates.io-index"
checksum = "5e9c080087bae6bdf141dd7ebb0bfe163893e26caaddc936a6aaf4fb8a530548"
dependencies = [
 "generic-array 0.13.2",
]

[[package]]
name = "micromath"
version = "0.5.1"
source = "registry+https://github.com/rust-lang/crates.io-index"
checksum = "1db1504859397e7080588dc5b7c4ec170bdc129f371495d3dcd6165bacb6cf36"

[[package]]
name = "nb"
version = "0.1.3"
source = "registry+https://github.com/rust-lang/crates.io-index"
checksum = "801d31da0513b6ec5214e9bf433a77966320625a37860f910be265be6e18d06f"
dependencies = [
 "nb 1.0.0",
]

[[package]]
name = "nb"
version = "1.0.0"
source = "registry+https://github.com/rust-lang/crates.io-index"
checksum = "546c37ac5d9e56f55e73b677106873d9d9f5190605e41a856503623648488cae"

[[package]]
name = "num-derive"
version = "0.2.5"
source = "registry+https://github.com/rust-lang/crates.io-index"
checksum = "eafd0b45c5537c3ba526f79d3e75120036502bebacbb3f3220914067ce39dbf2"
dependencies = [
 "proc-macro2 0.4.30",
 "quote 0.6.13",
 "syn 0.15.44",
]

[[package]]
name = "num-traits"
version = "0.2.12"
source = "registry+https://github.com/rust-lang/crates.io-index"
checksum = "ac267bcc07f48ee5f8935ab0d24f316fb722d7a1292e2913f0cc196b29ffd611"
dependencies = [
 "autocfg",
]

[[package]]
name = "panic-halt"
version = "0.2.0"
source = "registry+https://github.com/rust-lang/crates.io-index"
checksum = "de96540e0ebde571dc55c73d60ef407c653844e6f9a1e2fdbd40c07b9252d812"

[[package]]
name = "paste"
version = "0.1.18"
source = "registry+https://github.com/rust-lang/crates.io-index"
checksum = "45ca20c77d80be666aef2b45486da86238fabe33e38306bd3118fe4af33fa880"
dependencies = [
 "paste-impl",
 "proc-macro-hack",
]

[[package]]
name = "paste-impl"
version = "0.1.18"
source = "registry+https://github.com/rust-lang/crates.io-index"
checksum = "d95a7db200b97ef370c8e6de0088252f7e0dfff7d047a28528e47456c0fc98b6"
dependencies = [
 "proc-macro-hack",
]

[[package]]
name = "ppv-lite86"
version = "0.2.9"
source = "registry+https://github.com/rust-lang/crates.io-index"
checksum = "c36fa947111f5c62a733b652544dd0016a43ce89619538a8ef92724a6f501a20"

[[package]]
name = "proc-macro-hack"
version = "0.5.18"
source = "registry+https://github.com/rust-lang/crates.io-index"
checksum = "99c605b9a0adc77b7211c6b1f722dcb613d68d66859a44f3d485a6da332b0598"

[[package]]
name = "proc-macro2"
version = "0.4.30"
source = "registry+https://github.com/rust-lang/crates.io-index"
checksum = "cf3d2011ab5c909338f7887f4fc896d35932e29146c12c8d01da6b22a80ba759"
dependencies = [
 "unicode-xid 0.1.0",
]

[[package]]
name = "proc-macro2"
version = "1.0.21"
source = "registry+https://github.com/rust-lang/crates.io-index"
checksum = "36e28516df94f3dd551a587da5357459d9b36d945a7c37c3557928c1c2ff2a2c"
dependencies = [
 "unicode-xid 0.2.1",
]

[[package]]
name = "pybadge_ferris"
version = "0.1.0"
dependencies = [
 "arrayvec",
 "atsamd-hal",
 "cortex-m",
 "cortex-m-rt",
 "cortex-m-rtic",
 "edgebadge",
 "embedded-graphics",
 "embedded-hal",
 "lis3dh",
 "micromath 0.5.1",
 "nb 0.1.3",
 "panic-halt",
 "rand",
 "smart-leds",
 "st7735-lcd",
 "usb-device",
 "usbd-serial",
 "ws2812-spi",
 "ws2812-timer-delay",
]

[[package]]
name = "quote"
version = "0.6.13"
source = "registry+https://github.com/rust-lang/crates.io-index"
checksum = "6ce23b6b870e8f94f81fb0a363d65d86675884b34a09043c81e5562f11c1f8e1"
dependencies = [
 "proc-macro2 0.4.30",
]

[[package]]
name = "quote"
version = "1.0.7"
source = "registry+https://github.com/rust-lang/crates.io-index"
checksum = "aa563d17ecb180e500da1cfd2b028310ac758de548efdd203e18f283af693f37"
dependencies = [
 "proc-macro2 1.0.21",
]

[[package]]
name = "r0"
version = "0.2.2"
source = "registry+https://github.com/rust-lang/crates.io-index"
checksum = "e2a38df5b15c8d5c7e8654189744d8e396bddc18ad48041a500ce52d6948941f"

[[package]]
name = "rand"
version = "0.7.3"
source = "registry+https://github.com/rust-lang/crates.io-index"
checksum = "6a6b1679d49b24bbfe0c803429aa1874472f50d9b363131f0e89fc356b544d03"
dependencies = [
 "rand_chacha",
 "rand_core",
 "rand_hc",
 "rand_pcg",
]

[[package]]
name = "rand_chacha"
version = "0.2.2"
source = "registry+https://github.com/rust-lang/crates.io-index"
checksum = "f4c8ed856279c9737206bf725bf36935d8666ead7aa69b52be55af369d193402"
dependencies = [
 "ppv-lite86",
 "rand_core",
]

[[package]]
name = "rand_core"
version = "0.5.1"
source = "registry+https://github.com/rust-lang/crates.io-index"
checksum = "90bde5296fc891b0cef12a6d03ddccc162ce7b2aff54160af9338f8d40df6d19"

[[package]]
name = "rand_hc"
version = "0.2.0"
source = "registry+https://github.com/rust-lang/crates.io-index"
checksum = "ca3129af7b92a17112d59ad498c6f81eaf463253766b90396d39ea7a39d6613c"
dependencies = [
 "rand_core",
]

[[package]]
name = "rand_pcg"
version = "0.2.1"
source = "registry+https://github.com/rust-lang/crates.io-index"
checksum = "16abd0c1b639e9eb4d7c50c0b8100b0d0f849be2349829c740fe8e6eb4816429"
dependencies = [
 "rand_core",
]

[[package]]
name = "rgb"
version = "0.8.25"
source = "registry+https://github.com/rust-lang/crates.io-index"
checksum = "287f3c3f8236abb92d8b7e36797f19159df4b58f0a658cc3fb6dd3004b1f3bd3"
dependencies = [
 "bytemuck",
]

[[package]]
name = "rtic-core"
version = "0.3.0"
source = "registry+https://github.com/rust-lang/crates.io-index"
checksum = "ab51fe832317e805f869b3d859f91aadf855c2c3da51f9b84bc645c201597158"

[[package]]
name = "rtic-syntax"
version = "0.4.0"
source = "registry+https://github.com/rust-lang/crates.io-index"
checksum = "8152fcaa845720d61e6cc570548b89144c2c307f18a480bbd97e55e9f6eeff04"
dependencies = [
 "indexmap",
 "proc-macro2 1.0.21",
 "syn 1.0.40",
]

[[package]]
name = "rustc_version"
version = "0.2.3"
source = "registry+https://github.com/rust-lang/crates.io-index"
checksum = "138e3e0acb6c9fb258b19b67cb8abd63c00679d2851805ea151465464fe9030a"
dependencies = [
 "semver",
]

[[package]]
name = "semver"
version = "0.9.0"
source = "registry+https://github.com/rust-lang/crates.io-index"
checksum = "1d7eb9ef2c18661902cc47e535f9bc51b78acd254da71d375c2f6720d9a40403"
dependencies = [
 "semver-parser",
]

[[package]]
name = "semver-parser"
version = "0.7.0"
source = "registry+https://github.com/rust-lang/crates.io-index"
checksum = "388a1df253eca08550bef6c72392cfe7c30914bf41df5269b68cbd6ff8f570a3"

[[package]]
name = "smart-leds"
version = "0.3.0"
source = "registry+https://github.com/rust-lang/crates.io-index"
checksum = "38dd45fa275f70b4110eac5f5182611ad384f88bb22b68b9a9c3cafd7015290b"
dependencies = [
 "smart-leds-trait",
]

[[package]]
name = "smart-leds-trait"
version = "0.2.1"
source = "registry+https://github.com/rust-lang/crates.io-index"
checksum = "ebf6d833fa93f16a1c1874e62c2aebe8567e5bdd436d59bf543ed258b6f7a8e3"
dependencies = [
 "rgb",
]

[[package]]
name = "st7735-lcd"
version = "0.7.2"
source = "registry+https://github.com/rust-lang/crates.io-index"
checksum = "7d687668cba5d692e18f6c5509b4458894ca1fb62c18237a327ae302cb5c370f"
dependencies = [
 "embedded-graphics",
 "embedded-hal",
 "nb 0.1.3",
 "num-derive",
 "num-traits",
]

[[package]]
name = "stable_deref_trait"
version = "1.2.0"
source = "registry+https://github.com/rust-lang/crates.io-index"
checksum = "a8f112729512f8e442d81f95a8a7ddf2b7c6b8a1a6f509a95864142b30cab2d3"

[[package]]
name = "syn"
version = "0.15.44"
source = "registry+https://github.com/rust-lang/crates.io-index"
checksum = "9ca4b3b69a77cbe1ffc9e198781b7acb0c7365a883670e8f1c1bc66fba79a5c5"
dependencies = [
 "proc-macro2 0.4.30",
 "quote 0.6.13",
 "unicode-xid 0.1.0",
]

[[package]]
name = "syn"
version = "1.0.40"
source = "registry+https://github.com/rust-lang/crates.io-index"
checksum = "963f7d3cc59b59b9325165add223142bbf1df27655d07789f109896d353d8350"
dependencies = [
 "proc-macro2 1.0.21",
 "quote 1.0.7",
 "unicode-xid 0.2.1",
]

[[package]]
name = "typenum"
version = "1.12.0"
source = "registry+https://github.com/rust-lang/crates.io-index"
checksum = "373c8a200f9e67a0c95e62a4f52fbf80c23b4381c05a17845531982fa99e6b33"

[[package]]
name = "unicode-xid"
version = "0.1.0"
source = "registry+https://github.com/rust-lang/crates.io-index"
checksum = "fc72304796d0818e357ead4e000d19c9c174ab23dc11093ac919054d20a6a7fc"

[[package]]
name = "unicode-xid"
version = "0.2.1"
source = "registry+https://github.com/rust-lang/crates.io-index"
checksum = "f7fe0bb3479651439c9112f72b6c505038574c9fbb575ed1bf3b797fa39dd564"

[[package]]
name = "usb-device"
version = "0.2.7"
source = "registry+https://github.com/rust-lang/crates.io-index"
checksum = "849eed9b4dc61a1f17ba1d7a5078ceb095b9410caa38a506eb281ed5eff12fbd"

[[package]]
name = "usbd-serial"
version = "0.1.0"
source = "registry+https://github.com/rust-lang/crates.io-index"
checksum = "b45051be4bc25e6f85caacb1d3f45ace644fcc6e662b3d976330912542b7f69e"
dependencies = [
 "embedded-hal",
 "nb 0.1.3",
 "usb-device",
]

[[package]]
name = "vcell"
version = "0.1.2"
source = "registry+https://github.com/rust-lang/crates.io-index"
checksum = "876e32dcadfe563a4289e994f7cb391197f362b6315dc45e8ba4aa6f564a4b3c"

[[package]]
name = "version_check"
version = "0.9.2"
source = "registry+https://github.com/rust-lang/crates.io-index"
checksum = "b5a972e5669d67ba988ce3dc826706fb0a8b01471c088cb0b6110b805cc36aed"

[[package]]
name = "void"
version = "1.0.2"
source = "registry+https://github.com/rust-lang/crates.io-index"
checksum = "6a02e4885ed3bc0f2de90ea6dd45ebcbb66dacffe03547fadbb0eeae2770887d"

[[package]]
name = "volatile-register"
version = "0.2.0"
source = "registry+https://github.com/rust-lang/crates.io-index"
checksum = "0d67cb4616d99b940db1d6bd28844ff97108b498a6ca850e5b6191a532063286"
dependencies = [
 "vcell",
]

[[package]]
name = "ws2812-spi"
version = "0.2.0"
source = "registry+https://github.com/rust-lang/crates.io-index"
checksum = "ce47ae80d2c9a7196062be3203106e466dcdf66c157e336810ede9ccbb006ff7"
dependencies = [
 "embedded-hal",
 "nb 0.1.3",
 "smart-leds-trait",
]

[[package]]
name = "ws2812-timer-delay"
version = "0.3.0"
source = "registry+https://github.com/rust-lang/crates.io-index"
checksum = "b9b339c25c6d44131844c4c5ac0c7344d32080daaa38a6e9beaba927cbe28800"
dependencies = [
 "embedded-hal",
 "nb 0.1.3",
 "smart-leds-trait",
]
